
Microsoft Visual Studio Solution File, Format Version 12.00
Project("{FAE04EC0-301F-11D3-BF4B-00C04F79EFBC}") = "Heroes_PD111.App", "Heroes_PD111.App\Heroes_PD111.App.csproj", "{9EBDA0A3-04FC-4D83-9C1D-F90C03BFEB26}"
EndProject
Project("{FAE04EC0-301F-11D3-BF4B-00C04F79EFBC}") = "Heroes_PD111.Lib", "Heroes_PD111.Lib\Heroes_PD111.Lib.csproj", "{DC41EDFD-B172-4033-917E-B1DAFB7566F7}"
EndProject
Project("{FAE04EC0-301F-11D3-BF4B-00C04F79EFBC}") = "Heroes_PD111.Lib.Test", "Heroes_PD111.Lib.Test\Heroes_PD111.Lib.Test.csproj", "{2FCDA879-74AF-4307-89CC-5A814A5D797F}"
EndProject
Project("{FAE04EC0-301F-11D3-BF4B-00C04F79EFBC}") = "Heroes_PD111.CliLib", "Heroes_PD111.CliLib\Heroes_PD111.CliLib.csproj", "{EA8DF742-CAB3-4DF5-B574-71A09E8DAAF0}"
EndProject
Global
	GlobalSection(SolutionConfigurationPlatforms) = preSolution
		Debug|Any CPU = Debug|Any CPU
		Release|Any CPU = Release|Any CPU
	EndGlobalSection
	GlobalSection(ProjectConfigurationPlatforms) = postSolution
		{9EBDA0A3-04FC-4D83-9C1D-F90C03BFEB26}.Debug|Any CPU.ActiveCfg = Debug|Any CPU
		{9EBDA0A3-04FC-4D83-9C1D-F90C03BFEB26}.Debug|Any CPU.Build.0 = Debug|Any CPU
		{9EBDA0A3-04FC-4D83-9C1D-F90C03BFEB26}.Release|Any CPU.ActiveCfg = Release|Any CPU
		{9EBDA0A3-04FC-4D83-9C1D-F90C03BFEB26}.Release|Any CPU.Build.0 = Release|Any CPU
		{DC41EDFD-B172-4033-917E-B1DAFB7566F7}.Debug|Any CPU.ActiveCfg = Debug|Any CPU
		{DC41EDFD-B172-4033-917E-B1DAFB7566F7}.Debug|Any CPU.Build.0 = Debug|Any CPU
		{DC41EDFD-B172-4033-917E-B1DAFB7566F7}.Release|Any CPU.ActiveCfg = Release|Any CPU
		{DC41EDFD-B172-4033-917E-B1DAFB7566F7}.Release|Any CPU.Build.0 = Release|Any CPU
		{2FCDA879-74AF-4307-89CC-5A814A5D797F}.Debug|Any CPU.ActiveCfg = Debug|Any CPU
		{2FCDA879-74AF-4307-89CC-5A814A5D797F}.Debug|Any CPU.Build.0 = Debug|Any CPU
		{2FCDA879-74AF-4307-89CC-5A814A5D797F}.Release|Any CPU.ActiveCfg = Release|Any CPU
		{2FCDA879-74AF-4307-89CC-5A814A5D797F}.Release|Any CPU.Build.0 = Release|Any CPU
		{EA8DF742-CAB3-4DF5-B574-71A09E8DAAF0}.Debug|Any CPU.ActiveCfg = Debug|Any CPU
		{EA8DF742-CAB3-4DF5-B574-71A09E8DAAF0}.Debug|Any CPU.Build.0 = Debug|Any CPU
		{EA8DF742-CAB3-4DF5-B574-71A09E8DAAF0}.Release|Any CPU.ActiveCfg = Release|Any CPU
		{EA8DF742-CAB3-4DF5-B574-71A09E8DAAF0}.Release|Any CPU.Build.0 = Release|Any CPU
	EndGlobalSection
EndGlobal
